
Microsoft Visual Studio Solution File, Format Version 12.00
# Visual Studio 15
VisualStudioVersion = 15.0.26730.10
MinimumVisualStudioVersion = 10.0.40219.1
Project("{FAE04EC0-301F-11D3-BF4B-00C04F79EFBC}") = "Source_AS", "AS\Source_AS.csproj", "{EC44C1F0-68EC-4382-A11F-079F062CB891}"
EndProject
Project("{FAE04EC0-301F-11D3-BF4B-00C04F79EFBC}") = "Source_CT", "CT\Source_CT.csproj", "{03F07CF0-AE74-4331-93DF-A2189859B5C4}"
EndProject
Project("{FAE04EC0-301F-11D3-BF4B-00C04F79EFBC}") = "Source_SAL", "SAL\Source_SAL.csproj", "{52230D5A-4202-4ACC-A7AE-9783A3A93953}"
EndProject
Global
	GlobalSection(SolutionConfigurationPlatforms) = preSolution
		Debug|Any CPU = Debug|Any CPU
		Release|Any CPU = Release|Any CPU
	EndGlobalSection
	GlobalSection(ProjectConfigurationPlatforms) = postSolution
		{EC44C1F0-68EC-4382-A11F-079F062CB891}.Debug|Any CPU.ActiveCfg = Debug|Any CPU
		{EC44C1F0-68EC-4382-A11F-079F062CB891}.Debug|Any CPU.Build.0 = Debug|Any CPU
		{EC44C1F0-68EC-4382-A11F-079F062CB891}.Release|Any CPU.ActiveCfg = Release|Any CPU
		{EC44C1F0-68EC-4382-A11F-079F062CB891}.Release|Any CPU.Build.0 = Release|Any CPU
		{03F07CF0-AE74-4331-93DF-A2189859B5C4}.Debug|Any CPU.ActiveCfg = Debug|Any CPU
		{03F07CF0-AE74-4331-93DF-A2189859B5C4}.Debug|Any CPU.Build.0 = Debug|Any CPU
		{03F07CF0-AE74-4331-93DF-A2189859B5C4}.Release|Any CPU.ActiveCfg = Release|Any CPU
		{03F07CF0-AE74-4331-93DF-A2189859B5C4}.Release|Any CPU.Build.0 = Release|Any CPU
		{52230D5A-4202-4ACC-A7AE-9783A3A93953}.Debug|Any CPU.ActiveCfg = Debug|Any CPU
		{52230D5A-4202-4ACC-A7AE-9783A3A93953}.Debug|Any CPU.Build.0 = Debug|Any CPU
		{52230D5A-4202-4ACC-A7AE-9783A3A93953}.Release|Any CPU.ActiveCfg = Release|Any CPU
		{52230D5A-4202-4ACC-A7AE-9783A3A93953}.Release|Any CPU.Build.0 = Release|Any CPU
	EndGlobalSection
	GlobalSection(SolutionProperties) = preSolution
		HideSolutionNode = FALSE
	EndGlobalSection
	GlobalSection(ExtensibilityGlobals) = postSolution
		SolutionGuid = {89349CA4-1B1C-4821-B2F4-F9B2E9507C1B}
	EndGlobalSection
EndGlobal
